
Microsoft Visual Studio Solution File, Format Version 12.00
# Visual Studio Version 17
VisualStudioVersion = 17.8.34004.107
MinimumVisualStudioVersion = 10.0.40219.1
Project("{9A19103F-16F7-4668-BE54-9A1E7A4F7556}") = "MainAPI", "MainAPI\MainAPI.csproj", "{4277530F-F6D8-4F48-B1E9-47D9818D9D18}"
EndProject
Project("{9A19103F-16F7-4668-BE54-9A1E7A4F7556}") = "1.DomainLayer", "1.Domain Layer\1.DomainLayer.csproj", "{4900A778-4163-480E-8017-3AFB893F3FF3}"
EndProject
Project("{9A19103F-16F7-4668-BE54-9A1E7A4F7556}") = "2.ApplicationLayer", "2.Application Layer\2.ApplicationLayer.csproj", "{5E6343E9-5CBD-4821-9D9A-AE25F0FE7CC0}"
EndProject
Project("{9A19103F-16F7-4668-BE54-9A1E7A4F7556}") = "3.ServicesLayer", "3.Services Layer\3.ServicesLayer.csproj", "{57C12598-83FC-4B29-825B-0514E7431278}"
EndProject
Global
	GlobalSection(SolutionConfigurationPlatforms) = preSolution
		Debug|Any CPU = Debug|Any CPU
		Release|Any CPU = Release|Any CPU
	EndGlobalSection
	GlobalSection(ProjectConfigurationPlatforms) = postSolution
		{4277530F-F6D8-4F48-B1E9-47D9818D9D18}.Debug|Any CPU.ActiveCfg = Debug|Any CPU
		{4277530F-F6D8-4F48-B1E9-47D9818D9D18}.Debug|Any CPU.Build.0 = Debug|Any CPU
		{4277530F-F6D8-4F48-B1E9-47D9818D9D18}.Release|Any CPU.ActiveCfg = Release|Any CPU
		{4277530F-F6D8-4F48-B1E9-47D9818D9D18}.Release|Any CPU.Build.0 = Release|Any CPU
		{4900A778-4163-480E-8017-3AFB893F3FF3}.Debug|Any CPU.ActiveCfg = Debug|Any CPU
		{4900A778-4163-480E-8017-3AFB893F3FF3}.Debug|Any CPU.Build.0 = Debug|Any CPU
		{4900A778-4163-480E-8017-3AFB893F3FF3}.Release|Any CPU.ActiveCfg = Release|Any CPU
		{4900A778-4163-480E-8017-3AFB893F3FF3}.Release|Any CPU.Build.0 = Release|Any CPU
		{5E6343E9-5CBD-4821-9D9A-AE25F0FE7CC0}.Debug|Any CPU.ActiveCfg = Debug|Any CPU
		{5E6343E9-5CBD-4821-9D9A-AE25F0FE7CC0}.Debug|Any CPU.Build.0 = Debug|Any CPU
		{5E6343E9-5CBD-4821-9D9A-AE25F0FE7CC0}.Release|Any CPU.ActiveCfg = Release|Any CPU
		{5E6343E9-5CBD-4821-9D9A-AE25F0FE7CC0}.Release|Any CPU.Build.0 = Release|Any CPU
		{57C12598-83FC-4B29-825B-0514E7431278}.Debug|Any CPU.ActiveCfg = Debug|Any CPU
		{57C12598-83FC-4B29-825B-0514E7431278}.Debug|Any CPU.Build.0 = Debug|Any CPU
		{57C12598-83FC-4B29-825B-0514E7431278}.Release|Any CPU.ActiveCfg = Release|Any CPU
		{57C12598-83FC-4B29-825B-0514E7431278}.Release|Any CPU.Build.0 = Release|Any CPU
	EndGlobalSection
	GlobalSection(SolutionProperties) = preSolution
		HideSolutionNode = FALSE
	EndGlobalSection
	GlobalSection(ExtensibilityGlobals) = postSolution
		SolutionGuid = {85FA45AC-279B-41CA-BA51-6AC6950BE711}
	EndGlobalSection
EndGlobal
